
Microsoft Visual Studio Solution File, Format Version 12.00
# Visual Studio 2012
Project("{FAE04EC0-301F-11D3-BF4B-00C04F79EFBC}") = "veiga.sabrina.Ejercicio1", "veiga.sabrina.Ejercicio1\veiga.sabrina.Ejercicio1.csproj", "{E0EEAA21-F2DA-4A03-8C7D-5FAD570611BA}"
EndProject
Global
	GlobalSection(SolutionConfigurationPlatforms) = preSolution
		Debug|Any CPU = Debug|Any CPU
		Release|Any CPU = Release|Any CPU
	EndGlobalSection
	GlobalSection(ProjectConfigurationPlatforms) = postSolution
		{E0EEAA21-F2DA-4A03-8C7D-5FAD570611BA}.Debug|Any CPU.ActiveCfg = Debug|Any CPU
		{E0EEAA21-F2DA-4A03-8C7D-5FAD570611BA}.Debug|Any CPU.Build.0 = Debug|Any CPU
		{E0EEAA21-F2DA-4A03-8C7D-5FAD570611BA}.Release|Any CPU.ActiveCfg = Release|Any CPU
		{E0EEAA21-F2DA-4A03-8C7D-5FAD570611BA}.Release|Any CPU.Build.0 = Release|Any CPU
	EndGlobalSection
	GlobalSection(SolutionProperties) = preSolution
		HideSolutionNode = FALSE
	EndGlobalSection
EndGlobal
